
Microsoft Visual Studio Solution File, Format Version 12.00
# Visual Studio Version 16
VisualStudioVersion = 16.0.32929.386
MinimumVisualStudioVersion = 10.0.40219.1
Project("{FAE04EC0-301F-11D3-BF4B-00C04F79EFBC}") = "Lab 5.1", "Lab 5.1\Lab 5.1.csproj", "{090343FA-B261-47D7-8878-F9F9377A612E}"
EndProject
Global
	GlobalSection(SolutionConfigurationPlatforms) = preSolution
		Debug|Any CPU = Debug|Any CPU
		Release|Any CPU = Release|Any CPU
	EndGlobalSection
	GlobalSection(ProjectConfigurationPlatforms) = postSolution
		{090343FA-B261-47D7-8878-F9F9377A612E}.Debug|Any CPU.ActiveCfg = Debug|Any CPU
		{090343FA-B261-47D7-8878-F9F9377A612E}.Debug|Any CPU.Build.0 = Debug|Any CPU
		{090343FA-B261-47D7-8878-F9F9377A612E}.Release|Any CPU.ActiveCfg = Release|Any CPU
		{090343FA-B261-47D7-8878-F9F9377A612E}.Release|Any CPU.Build.0 = Release|Any CPU
	EndGlobalSection
	GlobalSection(SolutionProperties) = preSolution
		HideSolutionNode = FALSE
	EndGlobalSection
	GlobalSection(ExtensibilityGlobals) = postSolution
		SolutionGuid = {D40F52CF-926D-4941-822F-14331C4A19A8}
	EndGlobalSection
EndGlobal
